
Microsoft Visual Studio Solution File, Format Version 12.00
# Visual Studio 15
VisualStudioVersion = 15.0.28010.2048
MinimumVisualStudioVersion = 10.0.40219.1
Project("{FAE04EC0-301F-11D3-BF4B-00C04F79EFBC}") = "Day01", "Day01\Day01.csproj", "{C3035491-38DB-4827-941F-88CDB08D9F2A}"
EndProject
Project("{FAE04EC0-301F-11D3-BF4B-00C04F79EFBC}") = "Day02", "Day02\Day02.csproj", "{A8A21FAA-8D13-43A5-B09B-67C2FAC074A8}"
EndProject
Project("{FAE04EC0-301F-11D3-BF4B-00C04F79EFBC}") = "Day03", "Day03\Day03.csproj", "{C418BD16-1BF3-494F-8C3A-9FF62A08AF48}"
EndProject
Project("{FAE04EC0-301F-11D3-BF4B-00C04F79EFBC}") = "Day04", "Day04\Day04.csproj", "{5A1EDE29-C71B-4F2F-AC58-A73B0D1DE264}"
EndProject
Project("{FAE04EC0-301F-11D3-BF4B-00C04F79EFBC}") = "Day05", "Day05\Day05.csproj", "{51507C3C-FBA3-4139-BF48-A62CC0ABE11B}"
EndProject
Global
	GlobalSection(SolutionConfigurationPlatforms) = preSolution
		Debug|Any CPU = Debug|Any CPU
		Release|Any CPU = Release|Any CPU
	EndGlobalSection
	GlobalSection(ProjectConfigurationPlatforms) = postSolution
		{C3035491-38DB-4827-941F-88CDB08D9F2A}.Debug|Any CPU.ActiveCfg = Debug|Any CPU
		{C3035491-38DB-4827-941F-88CDB08D9F2A}.Debug|Any CPU.Build.0 = Debug|Any CPU
		{C3035491-38DB-4827-941F-88CDB08D9F2A}.Release|Any CPU.ActiveCfg = Release|Any CPU
		{C3035491-38DB-4827-941F-88CDB08D9F2A}.Release|Any CPU.Build.0 = Release|Any CPU
		{A8A21FAA-8D13-43A5-B09B-67C2FAC074A8}.Debug|Any CPU.ActiveCfg = Debug|Any CPU
		{A8A21FAA-8D13-43A5-B09B-67C2FAC074A8}.Debug|Any CPU.Build.0 = Debug|Any CPU
		{A8A21FAA-8D13-43A5-B09B-67C2FAC074A8}.Release|Any CPU.ActiveCfg = Release|Any CPU
		{A8A21FAA-8D13-43A5-B09B-67C2FAC074A8}.Release|Any CPU.Build.0 = Release|Any CPU
		{C418BD16-1BF3-494F-8C3A-9FF62A08AF48}.Debug|Any CPU.ActiveCfg = Debug|Any CPU
		{C418BD16-1BF3-494F-8C3A-9FF62A08AF48}.Debug|Any CPU.Build.0 = Debug|Any CPU
		{C418BD16-1BF3-494F-8C3A-9FF62A08AF48}.Release|Any CPU.ActiveCfg = Release|Any CPU
		{C418BD16-1BF3-494F-8C3A-9FF62A08AF48}.Release|Any CPU.Build.0 = Release|Any CPU
		{5A1EDE29-C71B-4F2F-AC58-A73B0D1DE264}.Debug|Any CPU.ActiveCfg = Debug|Any CPU
		{5A1EDE29-C71B-4F2F-AC58-A73B0D1DE264}.Debug|Any CPU.Build.0 = Debug|Any CPU
		{5A1EDE29-C71B-4F2F-AC58-A73B0D1DE264}.Release|Any CPU.ActiveCfg = Release|Any CPU
		{5A1EDE29-C71B-4F2F-AC58-A73B0D1DE264}.Release|Any CPU.Build.0 = Release|Any CPU
		{51507C3C-FBA3-4139-BF48-A62CC0ABE11B}.Debug|Any CPU.ActiveCfg = Debug|Any CPU
		{51507C3C-FBA3-4139-BF48-A62CC0ABE11B}.Debug|Any CPU.Build.0 = Debug|Any CPU
		{51507C3C-FBA3-4139-BF48-A62CC0ABE11B}.Release|Any CPU.ActiveCfg = Release|Any CPU
		{51507C3C-FBA3-4139-BF48-A62CC0ABE11B}.Release|Any CPU.Build.0 = Release|Any CPU
	EndGlobalSection
	GlobalSection(SolutionProperties) = preSolution
		HideSolutionNode = FALSE
	EndGlobalSection
	GlobalSection(ExtensibilityGlobals) = postSolution
		SolutionGuid = {5DDBCD95-E500-4B06-9B73-A1E45059141F}
	EndGlobalSection
EndGlobal
