
Microsoft Visual Studio Solution File, Format Version 12.00
# Visual Studio Version 17
VisualStudioVersion = 17.0.31919.166
MinimumVisualStudioVersion = 10.0.40219.1
Project("{FAE04EC0-301F-11D3-BF4B-00C04F79EFBC}") = "Day01", "Day01\Day01.csproj", "{C3035491-38DB-4827-941F-88CDB08D9F2A}"
EndProject
Project("{FAE04EC0-301F-11D3-BF4B-00C04F79EFBC}") = "Day02", "Day02\Day02.csproj", "{A8A21FAA-8D13-43A5-B09B-67C2FAC074A8}"
EndProject
Project("{FAE04EC0-301F-11D3-BF4B-00C04F79EFBC}") = "Day03", "Day03\Day03.csproj", "{C418BD16-1BF3-494F-8C3A-9FF62A08AF48}"
EndProject
Project("{FAE04EC0-301F-11D3-BF4B-00C04F79EFBC}") = "Day04", "Day04\Day04.csproj", "{5A1EDE29-C71B-4F2F-AC58-A73B0D1DE264}"
EndProject
Project("{FAE04EC0-301F-11D3-BF4B-00C04F79EFBC}") = "Day05", "Day05\Day05.csproj", "{51507C3C-FBA3-4139-BF48-A62CC0ABE11B}"
EndProject
Project("{FAE04EC0-301F-11D3-BF4B-00C04F79EFBC}") = "Day06", "Day06\Day06.csproj", "{537CD786-8582-4515-BAE4-E594634D440A}"
EndProject
Project("{FAE04EC0-301F-11D3-BF4B-00C04F79EFBC}") = "Day07", "Day07\Day07.csproj", "{35216B69-38D2-4887-8E64-6F75636E0568}"
EndProject
Project("{FAE04EC0-301F-11D3-BF4B-00C04F79EFBC}") = "Day08", "Day08\Day08.csproj", "{06063EA0-5752-4CC7-B97A-3962274CB0E4}"
EndProject
Project("{FAE04EC0-301F-11D3-BF4B-00C04F79EFBC}") = "Day09", "Day09\Day09.csproj", "{BE3F11E5-7DC3-44B4-997B-2CA1FE931E2F}"
EndProject
Project("{FAE04EC0-301F-11D3-BF4B-00C04F79EFBC}") = "Day10", "Day10\Day10.csproj", "{872157B0-E654-4EC9-BF88-322EAC60A46D}"
EndProject
Project("{FAE04EC0-301F-11D3-BF4B-00C04F79EFBC}") = "Day11", "Day11\Day11.csproj", "{A5DE6EC8-AF01-4E96-BC10-F96CD94A39D2}"
EndProject
Project("{FAE04EC0-301F-11D3-BF4B-00C04F79EFBC}") = "Day12", "Day12\Day12.csproj", "{E6538049-A5BD-408E-9381-3B8E92E03E06}"
EndProject
Project("{FAE04EC0-301F-11D3-BF4B-00C04F79EFBC}") = "Day13", "Day13\Day13.csproj", "{2BCB4896-9460-4BE1-BBD3-CAFEF8937172}"
EndProject
Project("{FAE04EC0-301F-11D3-BF4B-00C04F79EFBC}") = "Day14", "Day14\Day14.csproj", "{27322D9E-D5D1-4F7E-84B7-E0EFC7C938AA}"
EndProject
Project("{9A19103F-16F7-4668-BE54-9A1E7A4F7556}") = "Infi", "Infi\Infi.csproj", "{5B57E36A-65E5-4871-B719-642D286C1CD6}"
EndProject
Project("{9A19103F-16F7-4668-BE54-9A1E7A4F7556}") = "Day15", "Day15\Day15.csproj", "{17434E51-E720-4338-95C8-62123A397E2D}"
EndProject
Project("{9A19103F-16F7-4668-BE54-9A1E7A4F7556}") = "Day16", "Day16\Day16.csproj", "{F02853B1-A05C-4716-85C6-1BB28BAB4E30}"
EndProject
Project("{9A19103F-16F7-4668-BE54-9A1E7A4F7556}") = "Day17", "Day17\Day17.csproj", "{261D7B46-1A74-4DE2-AAFE-AB7082F4E425}"
EndProject
Project("{9A19103F-16F7-4668-BE54-9A1E7A4F7556}") = "Day18", "Day18\Day18.csproj", "{3175C5F1-7B05-4FC6-ABE3-FCCCAE16C7B5}"
EndProject
Project("{FAE04EC0-301F-11D3-BF4B-00C04F79EFBC}") = "Day19", "Day19\Day19.csproj", "{E3211CFA-EE07-4278-B6CF-5E78B5026E90}"
EndProject
Project("{FAE04EC0-301F-11D3-BF4B-00C04F79EFBC}") = "Day20", "Day20\Day20.csproj", "{E374BAAA-2DE1-4F15-99B0-53ABDD277F23}"
EndProject
Global
	GlobalSection(SolutionConfigurationPlatforms) = preSolution
		Debug|Any CPU = Debug|Any CPU
		Release|Any CPU = Release|Any CPU
	EndGlobalSection
	GlobalSection(ProjectConfigurationPlatforms) = postSolution
		{C3035491-38DB-4827-941F-88CDB08D9F2A}.Debug|Any CPU.ActiveCfg = Debug|Any CPU
		{C3035491-38DB-4827-941F-88CDB08D9F2A}.Debug|Any CPU.Build.0 = Debug|Any CPU
		{C3035491-38DB-4827-941F-88CDB08D9F2A}.Release|Any CPU.ActiveCfg = Release|Any CPU
		{C3035491-38DB-4827-941F-88CDB08D9F2A}.Release|Any CPU.Build.0 = Release|Any CPU
		{A8A21FAA-8D13-43A5-B09B-67C2FAC074A8}.Debug|Any CPU.ActiveCfg = Debug|Any CPU
		{A8A21FAA-8D13-43A5-B09B-67C2FAC074A8}.Debug|Any CPU.Build.0 = Debug|Any CPU
		{A8A21FAA-8D13-43A5-B09B-67C2FAC074A8}.Release|Any CPU.ActiveCfg = Release|Any CPU
		{A8A21FAA-8D13-43A5-B09B-67C2FAC074A8}.Release|Any CPU.Build.0 = Release|Any CPU
		{C418BD16-1BF3-494F-8C3A-9FF62A08AF48}.Debug|Any CPU.ActiveCfg = Debug|Any CPU
		{C418BD16-1BF3-494F-8C3A-9FF62A08AF48}.Debug|Any CPU.Build.0 = Debug|Any CPU
		{C418BD16-1BF3-494F-8C3A-9FF62A08AF48}.Release|Any CPU.ActiveCfg = Release|Any CPU
		{C418BD16-1BF3-494F-8C3A-9FF62A08AF48}.Release|Any CPU.Build.0 = Release|Any CPU
		{5A1EDE29-C71B-4F2F-AC58-A73B0D1DE264}.Debug|Any CPU.ActiveCfg = Debug|Any CPU
		{5A1EDE29-C71B-4F2F-AC58-A73B0D1DE264}.Debug|Any CPU.Build.0 = Debug|Any CPU
		{5A1EDE29-C71B-4F2F-AC58-A73B0D1DE264}.Release|Any CPU.ActiveCfg = Release|Any CPU
		{5A1EDE29-C71B-4F2F-AC58-A73B0D1DE264}.Release|Any CPU.Build.0 = Release|Any CPU
		{51507C3C-FBA3-4139-BF48-A62CC0ABE11B}.Debug|Any CPU.ActiveCfg = Debug|Any CPU
		{51507C3C-FBA3-4139-BF48-A62CC0ABE11B}.Debug|Any CPU.Build.0 = Debug|Any CPU
		{51507C3C-FBA3-4139-BF48-A62CC0ABE11B}.Release|Any CPU.ActiveCfg = Release|Any CPU
		{51507C3C-FBA3-4139-BF48-A62CC0ABE11B}.Release|Any CPU.Build.0 = Release|Any CPU
		{537CD786-8582-4515-BAE4-E594634D440A}.Debug|Any CPU.ActiveCfg = Debug|Any CPU
		{537CD786-8582-4515-BAE4-E594634D440A}.Debug|Any CPU.Build.0 = Debug|Any CPU
		{537CD786-8582-4515-BAE4-E594634D440A}.Release|Any CPU.ActiveCfg = Release|Any CPU
		{537CD786-8582-4515-BAE4-E594634D440A}.Release|Any CPU.Build.0 = Release|Any CPU
		{35216B69-38D2-4887-8E64-6F75636E0568}.Debug|Any CPU.ActiveCfg = Debug|Any CPU
		{35216B69-38D2-4887-8E64-6F75636E0568}.Debug|Any CPU.Build.0 = Debug|Any CPU
		{35216B69-38D2-4887-8E64-6F75636E0568}.Release|Any CPU.ActiveCfg = Release|Any CPU
		{35216B69-38D2-4887-8E64-6F75636E0568}.Release|Any CPU.Build.0 = Release|Any CPU
		{06063EA0-5752-4CC7-B97A-3962274CB0E4}.Debug|Any CPU.ActiveCfg = Debug|Any CPU
		{06063EA0-5752-4CC7-B97A-3962274CB0E4}.Debug|Any CPU.Build.0 = Debug|Any CPU
		{06063EA0-5752-4CC7-B97A-3962274CB0E4}.Release|Any CPU.ActiveCfg = Release|Any CPU
		{06063EA0-5752-4CC7-B97A-3962274CB0E4}.Release|Any CPU.Build.0 = Release|Any CPU
		{BE3F11E5-7DC3-44B4-997B-2CA1FE931E2F}.Debug|Any CPU.ActiveCfg = Debug|Any CPU
		{BE3F11E5-7DC3-44B4-997B-2CA1FE931E2F}.Debug|Any CPU.Build.0 = Debug|Any CPU
		{BE3F11E5-7DC3-44B4-997B-2CA1FE931E2F}.Release|Any CPU.ActiveCfg = Release|Any CPU
		{BE3F11E5-7DC3-44B4-997B-2CA1FE931E2F}.Release|Any CPU.Build.0 = Release|Any CPU
		{872157B0-E654-4EC9-BF88-322EAC60A46D}.Debug|Any CPU.ActiveCfg = Debug|Any CPU
		{872157B0-E654-4EC9-BF88-322EAC60A46D}.Debug|Any CPU.Build.0 = Debug|Any CPU
		{872157B0-E654-4EC9-BF88-322EAC60A46D}.Release|Any CPU.ActiveCfg = Release|Any CPU
		{872157B0-E654-4EC9-BF88-322EAC60A46D}.Release|Any CPU.Build.0 = Release|Any CPU
		{A5DE6EC8-AF01-4E96-BC10-F96CD94A39D2}.Debug|Any CPU.ActiveCfg = Debug|Any CPU
		{A5DE6EC8-AF01-4E96-BC10-F96CD94A39D2}.Debug|Any CPU.Build.0 = Debug|Any CPU
		{A5DE6EC8-AF01-4E96-BC10-F96CD94A39D2}.Release|Any CPU.ActiveCfg = Release|Any CPU
		{A5DE6EC8-AF01-4E96-BC10-F96CD94A39D2}.Release|Any CPU.Build.0 = Release|Any CPU
		{E6538049-A5BD-408E-9381-3B8E92E03E06}.Debug|Any CPU.ActiveCfg = Debug|Any CPU
		{E6538049-A5BD-408E-9381-3B8E92E03E06}.Debug|Any CPU.Build.0 = Debug|Any CPU
		{E6538049-A5BD-408E-9381-3B8E92E03E06}.Release|Any CPU.ActiveCfg = Release|Any CPU
		{E6538049-A5BD-408E-9381-3B8E92E03E06}.Release|Any CPU.Build.0 = Release|Any CPU
		{2BCB4896-9460-4BE1-BBD3-CAFEF8937172}.Debug|Any CPU.ActiveCfg = Debug|Any CPU
		{2BCB4896-9460-4BE1-BBD3-CAFEF8937172}.Debug|Any CPU.Build.0 = Debug|Any CPU
		{2BCB4896-9460-4BE1-BBD3-CAFEF8937172}.Release|Any CPU.ActiveCfg = Release|Any CPU
		{2BCB4896-9460-4BE1-BBD3-CAFEF8937172}.Release|Any CPU.Build.0 = Release|Any CPU
		{27322D9E-D5D1-4F7E-84B7-E0EFC7C938AA}.Debug|Any CPU.ActiveCfg = Debug|Any CPU
		{27322D9E-D5D1-4F7E-84B7-E0EFC7C938AA}.Debug|Any CPU.Build.0 = Debug|Any CPU
		{27322D9E-D5D1-4F7E-84B7-E0EFC7C938AA}.Release|Any CPU.ActiveCfg = Release|Any CPU
		{27322D9E-D5D1-4F7E-84B7-E0EFC7C938AA}.Release|Any CPU.Build.0 = Release|Any CPU
		{5B57E36A-65E5-4871-B719-642D286C1CD6}.Debug|Any CPU.ActiveCfg = Debug|Any CPU
		{5B57E36A-65E5-4871-B719-642D286C1CD6}.Debug|Any CPU.Build.0 = Debug|Any CPU
		{5B57E36A-65E5-4871-B719-642D286C1CD6}.Release|Any CPU.ActiveCfg = Release|Any CPU
		{5B57E36A-65E5-4871-B719-642D286C1CD6}.Release|Any CPU.Build.0 = Release|Any CPU
		{17434E51-E720-4338-95C8-62123A397E2D}.Debug|Any CPU.ActiveCfg = Debug|Any CPU
		{17434E51-E720-4338-95C8-62123A397E2D}.Debug|Any CPU.Build.0 = Debug|Any CPU
		{17434E51-E720-4338-95C8-62123A397E2D}.Release|Any CPU.ActiveCfg = Release|Any CPU
		{17434E51-E720-4338-95C8-62123A397E2D}.Release|Any CPU.Build.0 = Release|Any CPU
		{F02853B1-A05C-4716-85C6-1BB28BAB4E30}.Debug|Any CPU.ActiveCfg = Debug|Any CPU
		{F02853B1-A05C-4716-85C6-1BB28BAB4E30}.Debug|Any CPU.Build.0 = Debug|Any CPU
		{F02853B1-A05C-4716-85C6-1BB28BAB4E30}.Release|Any CPU.ActiveCfg = Release|Any CPU
		{F02853B1-A05C-4716-85C6-1BB28BAB4E30}.Release|Any CPU.Build.0 = Release|Any CPU
		{261D7B46-1A74-4DE2-AAFE-AB7082F4E425}.Debug|Any CPU.ActiveCfg = Debug|Any CPU
		{261D7B46-1A74-4DE2-AAFE-AB7082F4E425}.Debug|Any CPU.Build.0 = Debug|Any CPU
		{261D7B46-1A74-4DE2-AAFE-AB7082F4E425}.Release|Any CPU.ActiveCfg = Release|Any CPU
		{261D7B46-1A74-4DE2-AAFE-AB7082F4E425}.Release|Any CPU.Build.0 = Release|Any CPU
		{3175C5F1-7B05-4FC6-ABE3-FCCCAE16C7B5}.Debug|Any CPU.ActiveCfg = Debug|Any CPU
		{3175C5F1-7B05-4FC6-ABE3-FCCCAE16C7B5}.Debug|Any CPU.Build.0 = Debug|Any CPU
		{3175C5F1-7B05-4FC6-ABE3-FCCCAE16C7B5}.Release|Any CPU.ActiveCfg = Release|Any CPU
		{3175C5F1-7B05-4FC6-ABE3-FCCCAE16C7B5}.Release|Any CPU.Build.0 = Release|Any CPU
		{E3211CFA-EE07-4278-B6CF-5E78B5026E90}.Debug|Any CPU.ActiveCfg = Debug|Any CPU
		{E3211CFA-EE07-4278-B6CF-5E78B5026E90}.Debug|Any CPU.Build.0 = Debug|Any CPU
		{E3211CFA-EE07-4278-B6CF-5E78B5026E90}.Release|Any CPU.ActiveCfg = Release|Any CPU
		{E3211CFA-EE07-4278-B6CF-5E78B5026E90}.Release|Any CPU.Build.0 = Release|Any CPU
		{E374BAAA-2DE1-4F15-99B0-53ABDD277F23}.Debug|Any CPU.ActiveCfg = Debug|Any CPU
		{E374BAAA-2DE1-4F15-99B0-53ABDD277F23}.Debug|Any CPU.Build.0 = Debug|Any CPU
		{E374BAAA-2DE1-4F15-99B0-53ABDD277F23}.Release|Any CPU.ActiveCfg = Release|Any CPU
		{E374BAAA-2DE1-4F15-99B0-53ABDD277F23}.Release|Any CPU.Build.0 = Release|Any CPU
	EndGlobalSection
	GlobalSection(SolutionProperties) = preSolution
		HideSolutionNode = FALSE
	EndGlobalSection
	GlobalSection(ExtensibilityGlobals) = postSolution
		SolutionGuid = {5DDBCD95-E500-4B06-9B73-A1E45059141F}
	EndGlobalSection
EndGlobal
